
Microsoft Visual Studio Solution File, Format Version 12.00
# Visual Studio 15
VisualStudioVersion = 15.0.28307.1684
MinimumVisualStudioVersion = 10.0.40219.1
Project("{E24C65DC-7377-472B-9ABA-BC803B73C61A}") = "moon", "moon\", "{EDD519B2-657E-49A4-9EB0-AA514774C408}"
	ProjectSection(WebsiteProperties) = preProject
		TargetFrameworkMoniker = ".NETFramework,Version%3Dv4.6.1"
		Debug.AspNetCompiler.VirtualPath = "/localhost_41351"
		Debug.AspNetCompiler.PhysicalPath = "moon\"
		Debug.AspNetCompiler.TargetPath = "PrecompiledWeb\localhost_41351\"
		Debug.AspNetCompiler.Updateable = "true"
		Debug.AspNetCompiler.ForceOverwrite = "true"
		Debug.AspNetCompiler.FixedNames = "false"
		Debug.AspNetCompiler.Debug = "True"
		Release.AspNetCompiler.VirtualPath = "/localhost_41351"
		Release.AspNetCompiler.PhysicalPath = "moon\"
		Release.AspNetCompiler.TargetPath = "PrecompiledWeb\localhost_41351\"
		Release.AspNetCompiler.Updateable = "true"
		Release.AspNetCompiler.ForceOverwrite = "true"
		Release.AspNetCompiler.FixedNames = "false"
		Release.AspNetCompiler.Debug = "False"
		VWDPort = "41351"
		SlnRelativePath = "moon\"
		DefaultWebSiteLanguage = "Visual C#"
	EndProjectSection
EndProject
Global
	GlobalSection(SolutionConfigurationPlatforms) = preSolution
		Debug|Any CPU = Debug|Any CPU
	EndGlobalSection
	GlobalSection(ProjectConfigurationPlatforms) = postSolution
		{EDD519B2-657E-49A4-9EB0-AA514774C408}.Debug|Any CPU.ActiveCfg = Debug|Any CPU
		{EDD519B2-657E-49A4-9EB0-AA514774C408}.Debug|Any CPU.Build.0 = Debug|Any CPU
	EndGlobalSection
	GlobalSection(SolutionProperties) = preSolution
		HideSolutionNode = FALSE
	EndGlobalSection
	GlobalSection(ExtensibilityGlobals) = postSolution
		SolutionGuid = {CA703386-F981-4643-A79B-FA1153199AE8}
	EndGlobalSection
EndGlobal
